// !$*UTF8*$!
{
	archiveVersion = 1;
	classes = {
	};
	objectVersion = 48;
	objects = {

/* Begin PBXBuildFile section */
		26417F89204BDC730061BD87 /* AppDelegate.swift in Sources */ = {isa = PBXBuildFile; fileRef = 26417F88204BDC730061BD87 /* AppDelegate.swift */; };
		26417F8B204BDC730061BD87 /* ViewController.swift in Sources */ = {isa = PBXBuildFile; fileRef = 26417F8A204BDC730061BD87 /* ViewController.swift */; };
		26417F8E204BDC730061BD87 /* Main.storyboard in Resources */ = {isa = PBXBuildFile; fileRef = 26417F8C204BDC730061BD87 /* Main.storyboard */; };
		26417F90204BDC730061BD87 /* Assets.xcassets in Resources */ = {isa = PBXBuildFile; fileRef = 26417F8F204BDC730061BD87 /* Assets.xcassets */; };
		26417F93204BDC730061BD87 /* LaunchScreen.storyboard in Resources */ = {isa = PBXBuildFile; fileRef = 26417F91204BDC730061BD87 /* LaunchScreen.storyboard */; };
		26417F9E204BDC730061BD87 /* CountTests.swift in Sources */ = {isa = PBXBuildFile; fileRef = 26417F9D204BDC730061BD87 /* CountTests.swift */; };
		26417FA9204BDC730061BD87 /* CountUITests.swift in Sources */ = {isa = PBXBuildFile; fileRef = 26417FA8204BDC730061BD87 /* CountUITests.swift */; };
		26727579205985B00041C97D /* DSC07784.jpg in Resources */ = {isa = PBXBuildFile; fileRef = 26727578205985B00041C97D /* DSC07784.jpg */; };
/* End PBXBuildFile section */

/* Begin PBXContainerItemProxy section */
		26417F9A204BDC730061BD87 /* PBXContainerItemProxy */ = {
			isa = PBXContainerItemProxy;
			containerPortal = 26417F7D204BDC730061BD87 /* Project object */;
			proxyType = 1;
			remoteGlobalIDString = 26417F84204BDC730061BD87;
			remoteInfo = Count;
		};
		26417FA5204BDC730061BD87 /* PBXContainerItemProxy */ = {
			isa = PBXContainerItemProxy;
			containerPortal = 26417F7D204BDC730061BD87 /* Project object */;
			proxyType = 1;
			remoteGlobalIDString = 26417F84204BDC730061BD87;
			remoteInfo = Count;
		};
/* End PBXContainerItemProxy section */

/* Begin PBXFileReference section */
		26417F85204BDC730061BD87 /* Count.app */ = {isa = PBXFileReference; explicitFileType = wrapper.application; includeInIndex = 0; path = Count.app; sourceTree = BUILT_PRODUCTS_DIR; };
		26417F88204BDC730061BD87 /* AppDelegate.swift */ = {isa = PBXFileReference; lastKnownFileType = sourcecode.swift; path = AppDelegate.swift; sourceTree = "<group>"; };
		26417F8A204BDC730061BD87 /* ViewController.swift */ = {isa = PBXFileReference; lastKnownFileType = sourcecode.swift; path = ViewController.swift; sourceTree = "<group>"; };
		26417F8D204BDC730061BD87 /* Base */ = {isa = PBXFileReference; lastKnownFileType = file.storyboard; name = Base; path = Base.lproj/Main.storyboard; sourceTree = "<group>"; };
		26417F8F204BDC730061BD87 /* Assets.xcassets */ = {isa = PBXFileReference; lastKnownFileType = folder.assetcatalog; path = Assets.xcassets; sourceTree = "<group>"; };
		26417F92204BDC730061BD87 /* Base */ = {isa = PBXFileReference; lastKnownFileType = file.storyboard; name = Base; path = Base.lproj/LaunchScreen.storyboard; sourceTree = "<group>"; };
		26417F94204BDC730061BD87 /* Info.plist */ = {isa = PBXFileReference; lastKnownFileType = text.plist.xml; path = Info.plist; sourceTree = "<group>"; };
		26417F99204BDC730061BD87 /* CountTests.xctest */ = {isa = PBXFileReference; explicitFileType = wrapper.cfbundle; includeInIndex = 0; path = CountTests.xctest; sourceTree = BUILT_PRODUCTS_DIR; };
		26417F9D204BDC730061BD87 /* CountTests.swift */ = {isa = PBXFileReference; lastKnownFileType = sourcecode.swift; path = CountTests.swift; sourceTree = "<group>"; };
		26417F9F204BDC730061BD87 /* Info.plist */ = {isa = PBXFileReference; lastKnownFileType = text.plist.xml; path = Info.plist; sourceTree = "<group>"; };
		26417FA4204BDC730061BD87 /* CountUITests.xctest */ = {isa = PBXFileReference; explicitFileType = wrapper.cfbundle; includeInIndex = 0; path = CountUITests.xctest; sourceTree = BUILT_PRODUCTS_DIR; };
		26417FA8204BDC730061BD87 /* CountUITests.swift */ = {isa = PBXFileReference; lastKnownFileType = sourcecode.swift; path = CountUITests.swift; sourceTree = "<group>"; };
		26417FAA204BDC730061BD87 /* Info.plist */ = {isa = PBXFileReference; lastKnownFileType = text.plist.xml; path = Info.plist; sourceTree = "<group>"; };
		26727578205985B00041C97D /* DSC07784.jpg */ = {isa = PBXFileReference; lastKnownFileType = image.jpeg; path = DSC07784.jpg; sourceTree = "<group>"; };
/* End PBXFileReference section */

/* Begin PBXFrameworksBuildPhase section */
		26417F82204BDC730061BD87 /* Frameworks */ = {
			isa = PBXFrameworksBuildPhase;
			buildActionMask = 2147483647;
			files = (
			);
			runOnlyForDeploymentPostprocessing = 0;
		};
		26417F96204BDC730061BD87 /* Frameworks */ = {
			isa = PBXFrameworksBuildPhase;
			buildActionMask = 2147483647;
			files = (
			);
			runOnlyForDeploymentPostprocessing = 0;
		};
		26417FA1204BDC730061BD87 /* Frameworks */ = {
			isa = PBXFrameworksBuildPhase;
			buildActionMask = 2147483647;
			files = (
			);
			runOnlyForDeploymentPostprocessing = 0;
		};
/* End PBXFrameworksBuildPhase section */

/* Begin PBXGroup section */
		26417F7C204BDC730061BD87 = {
			isa = PBXGroup;
			children = (
				26417F87204BDC730061BD87 /* Count */,
				26417F9C204BDC730061BD87 /* CountTests */,
				26417FA7204BDC730061BD87 /* CountUITests */,
				26417F86204BDC730061BD87 /* Products */,
			);
			sourceTree = "<group>";
		};
		26417F86204BDC730061BD87 /* Products */ = {
			isa = PBXGroup;
			children = (
				26417F85204BDC730061BD87 /* Count.app */,
				26417F99204BDC730061BD87 /* CountTests.xctest */,
				26417FA4204BDC730061BD87 /* CountUITests.xctest */,
			);
			name = Products;
			sourceTree = "<group>";
		};
		26417F87204BDC730061BD87 /* Count */ = {
			isa = PBXGroup;
			children = (
				26417F88204BDC730061BD87 /* AppDelegate.swift */,
				26417F8A204BDC730061BD87 /* ViewController.swift */,
				26417F8C204BDC730061BD87 /* Main.storyboard */,
				26727578205985B00041C97D /* DSC07784.jpg */,
				26417F8F204BDC730061BD87 /* Assets.xcassets */,
				26417F91204BDC730061BD87 /* LaunchScreen.storyboard */,
				26417F94204BDC730061BD87 /* Info.plist */,
			);
			path = Count;
			sourceTree = "<group>";
		};
		26417F9C204BDC730061BD87 /* CountTests */ = {
			isa = PBXGroup;
			children = (
				26417F9D204BDC730061BD87 /* CountTests.swift */,
				26417F9F204BDC730061BD87 /* Info.plist */,
			);
			path = CountTests;
			sourceTree = "<group>";
		};
		26417FA7204BDC730061BD87 /* CountUITests */ = {
			isa = PBXGroup;
			children = (
				26417FA8204BDC730061BD87 /* CountUITests.swift */,
				26417FAA204BDC730061BD87 /* Info.plist */,
			);
			path = CountUITests;
			sourceTree = "<group>";
		};
/* End PBXGroup section */

/* Begin PBXNativeTarget section */
		26417F84204BDC730061BD87 /* Count */ = {
			isa = PBXNativeTarget;
			buildConfigurationList = 26417FAD204BDC730061BD87 /* Build configuration list for PBXNativeTarget "Count" */;
			buildPhases = (
				26417F81204BDC730061BD87 /* Sources */,
				26417F82204BDC730061BD87 /* Frameworks */,
				26417F83204BDC730061BD87 /* Resources */,
			);
			buildRules = (
			);
			dependencies = (
			);
			name = Count;
			productName = Count;
			productReference = 26417F85204BDC730061BD87 /* Count.app */;
			productType = "com.apple.product-type.application";
		};
		26417F98204BDC730061BD87 /* CountTests */ = {
			isa = PBXNativeTarget;
			buildConfigurationList = 26417FB0204BDC730061BD87 /* Build configuration list for PBXNativeTarget "CountTests" */;
			buildPhases = (
				26417F95204BDC730061BD87 /* Sources */,
				26417F96204BDC730061BD87 /* Frameworks */,
				26417F97204BDC730061BD87 /* Resources */,
			);
			buildRules = (
			);
			dependencies = (
				26417F9B204BDC730061BD87 /* PBXTargetDependency */,
			);
			name = CountTests;
			productName = CountTests;
			productReference = 26417F99204BDC730061BD87 /* CountTests.xctest */;
			productType = "com.apple.product-type.bundle.unit-test";
		};
		26417FA3204BDC730061BD87 /* CountUITests */ = {
			isa = PBXNativeTarget;
			buildConfigurationList = 26417FB3204BDC730061BD87 /* Build configuration list for PBXNativeTarget "CountUITests" */;
			buildPhases = (
				26417FA0204BDC730061BD87 /* Sources */,
				26417FA1204BDC730061BD87 /* Frameworks */,
				26417FA2204BDC730061BD87 /* Resources */,
			);
			buildRules = (
			);
			dependencies = (
				26417FA6204BDC730061BD87 /* PBXTargetDependency */,
			);
			name = CountUITests;
			productName = CountUITests;
			productReference = 26417FA4204BDC730061BD87 /* CountUITests.xctest */;
			productType = "com.apple.product-type.bundle.ui-testing";
		};
/* End PBXNativeTarget section */

/* Begin PBXProject section */
		26417F7D204BDC730061BD87 /* Project object */ = {
			isa = PBXProject;
			attributes = {
				LastSwiftUpdateCheck = 0920;
				LastUpgradeCheck = 0920;
				ORGANIZATIONNAME = "Life is Tech";
				TargetAttributes = {
					26417F84204BDC730061BD87 = {
						CreatedOnToolsVersion = 9.2;
						ProvisioningStyle = Automatic;
					};
					26417F98204BDC730061BD87 = {
						CreatedOnToolsVersion = 9.2;
						ProvisioningStyle = Automatic;
						TestTargetID = 26417F84204BDC730061BD87;
					};
					26417FA3204BDC730061BD87 = {
						CreatedOnToolsVersion = 9.2;
						ProvisioningStyle = Automatic;
						TestTargetID = 26417F84204BDC730061BD87;
					};
				};
			};
			buildConfigurationList = 26417F80204BDC730061BD87 /* Build configuration list for PBXProject "Count" */;
			compatibilityVersion = "Xcode 8.0";
			developmentRegion = en;
			hasScannedForEncodings = 0;
			knownRegions = (
				en,
				Base,
			);
			mainGroup = 26417F7C204BDC730061BD87;
			productRefGroup = 26417F86204BDC730061BD87 /* Products */;
			projectDirPath = "";
			projectRoot = "";
			targets = (
				26417F84204BDC730061BD87 /* Count */,
				26417F98204BDC730061BD87 /* CountTests */,
				26417FA3204BDC730061BD87 /* CountUITests */,
			);
		};
/* End PBXProject section */

/* Begin PBXResourcesBuildPhase section */
		26417F83204BDC730061BD87 /* Resources */ = {
			isa = PBXResourcesBuildPhase;
			buildActionMask = 2147483647;
			files = (
				26417F93204BDC730061BD87 /* LaunchScreen.storyboard in Resources */,
				26417F90204BDC730061BD87 /* Assets.xcassets in Resources */,
				26417F8E204BDC730061BD87 /* Main.storyboard in Resources */,
				26727579205985B00041C97D /* DSC07784.jpg in Resources */,
			);
			runOnlyForDeploymentPostprocessing = 0;
		};
		26417F97204BDC730061BD87 /* Resources */ = {
			isa = PBXResourcesBuildPhase;
			buildActionMask = 2147483647;
			files = (
			);
			runOnlyForDeploymentPostprocessing = 0;
		};
		26417FA2204BDC730061BD87 /* Resources */ = {
			isa = PBXResourcesBuildPhase;
			buildActionMask = 2147483647;
			files = (
			);
			runOnlyForDeploymentPostprocessing = 0;
		};
/* End PBXResourcesBuildPhase section */

/* Begin PBXSourcesBuildPhase section */
		26417F81204BDC730061BD87 /* Sources */ = {
			isa = PBXSourcesBuildPhase;
			buildActionMask = 2147483647;
			files = (
				26417F8B204BDC730061BD87 /* ViewController.swift in Sources */,
				26417F89204BDC730061BD87 /* AppDelegate.swift in Sources */,
			);
			runOnlyForDeploymentPostprocessing = 0;
		};
		26417F95204BDC730061BD87 /* Sources */ = {
			isa = PBXSourcesBuildPhase;
			buildActionMask = 2147483647;
			files = (
				26417F9E204BDC730061BD87 /* CountTests.swift in Sources */,
			);
			runOnlyForDeploymentPostprocessing = 0;
		};
		26417FA0204BDC730061BD87 /* Sources */ = {
			isa = PBXSourcesBuildPhase;
			buildActionMask = 2147483647;
			files = (
				26417FA9204BDC730061BD87 /* CountUITests.swift in Sources */,
			);
			runOnlyForDeploymentPostprocessing = 0;
		};
/* End PBXSourcesBuildPhase section */

/* Begin PBXTargetDependency section */
		26417F9B204BDC730061BD87 /* PBXTargetDependency */ = {
			isa = PBXTargetDependency;
			target = 26417F84204BDC730061BD87 /* Count */;
			targetProxy = 26417F9A204BDC730061BD87 /* PBXContainerItemProxy */;
		};
		26417FA6204BDC730061BD87 /* PBXTargetDependency */ = {
			isa = PBXTargetDependency;
			target = 26417F84204BDC730061BD87 /* Count */;
			targetProxy = 26417FA5204BDC730061BD87 /* PBXContainerItemProxy */;
		};
/* End PBXTargetDependency section */

/* Begin PBXVariantGroup section */
		26417F8C204BDC730061BD87 /* Main.storyboard */ = {
			isa = PBXVariantGroup;
			children = (
				26417F8D204BDC730061BD87 /* Base */,
			);
			name = Main.storyboard;
			sourceTree = "<group>";
		};
		26417F91204BDC730061BD87 /* LaunchScreen.storyboard */ = {
			isa = PBXVariantGroup;
			children = (
				26417F92204BDC730061BD87 /* Base */,
			);
			name = LaunchScreen.storyboard;
			sourceTree = "<group>";
		};
/* End PBXVariantGroup section */

/* Begin XCBuildConfiguration section */
		26417FAB204BDC730061BD87 /* Debug */ = {
			isa = XCBuildConfiguration;
			buildSettings = {
				ALWAYS_SEARCH_USER_PATHS = NO;
				CLANG_ANALYZER_NONNULL = YES;
				CLANG_ANALYZER_NUMBER_OBJECT_CONVERSION = YES_AGGRESSIVE;
				CLANG_CXX_LANGUAGE_STANDARD = "gnu++14";
				CLANG_CXX_LIBRARY = "libc++";
				CLANG_ENABLE_MODULES = YES;
				CLANG_ENABLE_OBJC_ARC = YES;
				CLANG_WARN_BLOCK_CAPTURE_AUTORELEASING = YES;
				CLANG_WARN_BOOL_CONVERSION = YES;
				CLANG_WARN_COMMA = YES;
				CLANG_WARN_CONSTANT_CONVERSION = YES;
				CLANG_WARN_DIRECT_OBJC_ISA_USAGE = YES_ERROR;
				CLANG_WARN_DOCUMENTATION_COMMENTS = YES;
				CLANG_WARN_EMPTY_BODY = YES;
				CLANG_WARN_ENUM_CONVERSION = YES;
				CLANG_WARN_INFINITE_RECURSION = YES;
				CLANG_WARN_INT_CONVERSION = YES;
				CLANG_WARN_NON_LITERAL_NULL_CONVERSION = YES;
				CLANG_WARN_OBJC_LITERAL_CONVERSION = YES;
				CLANG_WARN_OBJC_ROOT_CLASS = YES_ERROR;
				CLANG_WARN_RANGE_LOOP_ANALYSIS = YES;
				CLANG_WARN_STRICT_PROTOTYPES = YES;
				CLANG_WARN_SUSPICIOUS_MOVE = YES;
				CLANG_WARN_UNGUARDED_AVAILABILITY = YES_AGGRESSIVE;
				CLANG_WARN_UNREACHABLE_CODE = YES;
				CLANG_WARN__DUPLICATE_METHOD_MATCH = YES;
				CODE_SIGN_IDENTITY = "iPhone Developer";
				COPY_PHASE_STRIP = NO;
				DEBUG_INFORMATION_FORMAT = dwarf;
				ENABLE_STRICT_OBJC_MSGSEND = YES;
				ENABLE_TESTABILITY = YES;
				GCC_C_LANGUAGE_STANDARD = gnu11;
				GCC_DYNAMIC_NO_PIC = NO;
				GCC_NO_COMMON_BLOCKS = YES;
				GCC_OPTIMIZATION_LEVEL = 0;
				GCC_PREPROCESSOR_DEFINITIONS = (
					"DEBUG=1",
					"$(inherited)",
				);
				GCC_WARN_64_TO_32_BIT_CONVERSION = YES;
				GCC_WARN_ABOUT_RETURN_TYPE = YES_ERROR;
				GCC_WARN_UNDECLARED_SELECTOR = YES;
				GCC_WARN_UNINITIALIZED_AUTOS = YES_AGGRESSIVE;
				GCC_WARN_UNUSED_FUNCTION = YES;
				GCC_WARN_UNUSED_VARIABLE = YES;
				IPHONEOS_DEPLOYMENT_TARGET = 11.2;
				MTL_ENABLE_DEBUG_INFO = YES;
				ONLY_ACTIVE_ARCH = YES;
				SDKROOT = iphoneos;
				SWIFT_ACTIVE_COMPILATION_CONDITIONS = DEBUG;
				SWIFT_OPTIMIZATION_LEVEL = "-Onone";
			};
			name = Debug;
		};
		26417FAC204BDC730061BD87 /* Release */ = {
			isa = XCBuildConfiguration;
			buildSettings = {
				ALWAYS_SEARCH_USER_PATHS = NO;
				CLANG_ANALYZER_NONNULL = YES;
				CLANG_ANALYZER_NUMBER_OBJECT_CONVERSION = YES_AGGRESSIVE;
				CLANG_CXX_LANGUAGE_STANDARD = "gnu++14";
				CLANG_CXX_LIBRARY = "libc++";
				CLANG_ENABLE_MODULES = YES;
				CLANG_ENABLE_OBJC_ARC = YES;
				CLANG_WARN_BLOCK_CAPTURE_AUTORELEASING = YES;
				CLANG_WARN_BOOL_CONVERSION = YES;
				CLANG_WARN_COMMA = YES;
				CLANG_WARN_CONSTANT_CONVERSION = YES;
				CLANG_WARN_DIRECT_OBJC_ISA_USAGE = YES_ERROR;
				CLANG_WARN_DOCUMENTATION_COMMENTS = YES;
				CLANG_WARN_EMPTY_BODY = YES;
				CLANG_WARN_ENUM_CONVERSION = YES;
				CLANG_WARN_INFINITE_RECURSION = YES;
				CLANG_WARN_INT_CONVERSION = YES;
				CLANG_WARN_NON_LITERAL_NULL_CONVERSION = YES;
				CLANG_WARN_OBJC_LITERAL_CONVERSION = YES;
				CLANG_WARN_OBJC_ROOT_CLASS = YES_ERROR;
				CLANG_WARN_RANGE_LOOP_ANALYSIS = YES;
				CLANG_WARN_STRICT_PROTOTYPES = YES;
				CLANG_WARN_SUSPICIOUS_MOVE = YES;
				CLANG_WARN_UNGUARDED_AVAILABILITY = YES_AGGRESSIVE;
				CLANG_WARN_UNREACHABLE_CODE = YES;
				CLANG_WARN__DUPLICATE_METHOD_MATCH = YES;
				CODE_SIGN_IDENTITY = "iPhone Developer";
				COPY_PHASE_STRIP = NO;
				DEBUG_INFORMATION_FORMAT = "dwarf-with-dsym";
				ENABLE_NS_ASSERTIONS = NO;
				ENABLE_STRICT_OBJC_MSGSEND = YES;
				GCC_C_LANGUAGE_STANDARD = gnu11;
				GCC_NO_COMMON_BLOCKS = YES;
				GCC_WARN_64_TO_32_BIT_CONVERSION = YES;
				GCC_WARN_ABOUT_RETURN_TYPE = YES_ERROR;
				GCC_WARN_UNDECLARED_SELECTOR = YES;
				GCC_WARN_UNINITIALIZED_AUTOS = YES_AGGRESSIVE;
				GCC_WARN_UNUSED_FUNCTION = YES;
				GCC_WARN_UNUSED_VARIABLE = YES;
				IPHONEOS_DEPLOYMENT_TARGET = 11.2;
				MTL_ENABLE_DEBUG_INFO = NO;
				SDKROOT = iphoneos;
				SWIFT_OPTIMIZATION_LEVEL = "-Owholemodule";
				VALIDATE_PRODUCT = YES;
			};
			name = Release;
		};
		26417FAE204BDC730061BD87 /* Debug */ = {
			isa = XCBuildConfiguration;
			buildSettings = {
				ASSETCATALOG_COMPILER_APPICON_NAME = AppIcon;
				CODE_SIGN_STYLE = Automatic;
				INFOPLIST_FILE = Count/Info.plist;
				LD_RUNPATH_SEARCH_PATHS = "$(inherited) @executable_path/Frameworks";
				PRODUCT_BUNDLE_IDENTIFIER = rio;
				PRODUCT_NAME = "$(TARGET_NAME)";
				SWIFT_VERSION = 4.0;
				TARGETED_DEVICE_FAMILY = "1,2";
			};
			name = Debug;
		};
		26417FAF204BDC730061BD87 /* Release */ = {
			isa = XCBuildConfiguration;
			buildSettings = {
				ASSETCATALOG_COMPILER_APPICON_NAME = AppIcon;
				CODE_SIGN_STYLE = Automatic;
				INFOPLIST_FILE = Count/Info.plist;
				LD_RUNPATH_SEARCH_PATHS = "$(inherited) @executable_path/Frameworks";
				PRODUCT_BUNDLE_IDENTIFIER = rio;
				PRODUCT_NAME = "$(TARGET_NAME)";
				SWIFT_VERSION = 4.0;
				TARGETED_DEVICE_FAMILY = "1,2";
			};
			name = Release;
		};
		26417FB1204BDC730061BD87 /* Debug */ = {
			isa = XCBuildConfiguration;
			buildSettings = {
				ALWAYS_EMBED_SWIFT_STANDARD_LIBRARIES = YES;
				BUNDLE_LOADER = "$(TEST_HOST)";
				CODE_SIGN_STYLE = Automatic;
				INFOPLIST_FILE = CountTests/Info.plist;
				LD_RUNPATH_SEARCH_PATHS = "$(inherited) @executable_path/Frameworks @loader_path/Frameworks";
				PRODUCT_BUNDLE_IDENTIFIER = com.litech.CountTests;
				PRODUCT_NAME = "$(TARGET_NAME)";
				SWIFT_VERSION = 4.0;
				TARGETED_DEVICE_FAMILY = "1,2";
				TEST_HOST = "$(BUILT_PRODUCTS_DIR)/Count.app/Count";
			};
			name = Debug;
		};
		26417FB2204BDC730061BD87 /* Release */ = {
			isa = XCBuildConfiguration;
			buildSettings = {
				ALWAYS_EMBED_SWIFT_STANDARD_LIBRARIES = YES;
				BUNDLE_LOADER = "$(TEST_HOST)";
				CODE_SIGN_STYLE = Automatic;
				INFOPLIST_FILE = CountTests/Info.plist;
				LD_RUNPATH_SEARCH_PATHS = "$(inherited) @executable_path/Frameworks @loader_path/Frameworks";
				PRODUCT_BUNDLE_IDENTIFIER = com.litech.CountTests;
				PRODUCT_NAME = "$(TARGET_NAME)";
				SWIFT_VERSION = 4.0;
				TARGETED_DEVICE_FAMILY = "1,2";
				TEST_HOST = "$(BUILT_PRODUCTS_DIR)/Count.app/Count";
			};
			name = Release;
		};
		26417FB4204BDC730061BD87 /* Debug */ = {
			isa = XCBuildConfiguration;
			buildSettings = {
				ALWAYS_EMBED_SWIFT_STANDARD_LIBRARIES = YES;
				CODE_SIGN_STYLE = Automatic;
				INFOPLIST_FILE = CountUITests/Info.plist;
				LD_RUNPATH_SEARCH_PATHS = "$(inherited) @executable_path/Frameworks @loader_path/Frameworks";
				PRODUCT_BUNDLE_IDENTIFIER = com.litech.CountUITests;
				PRODUCT_NAME = "$(TARGET_NAME)";
				SWIFT_VERSION = 4.0;
				TARGETED_DEVICE_FAMILY = "1,2";
				TEST_TARGET_NAME = Count;
			};
			name = Debug;
		};
		26417FB5204BDC730061BD87 /* Release */ = {
			isa = XCBuildConfiguration;
			buildSettings = {
				ALWAYS_EMBED_SWIFT_STANDARD_LIBRARIES = YES;
				CODE_SIGN_STYLE = Automatic;
				INFOPLIST_FILE = CountUITests/Info.plist;
				LD_RUNPATH_SEARCH_PATHS = "$(inherited) @executable_path/Frameworks @loader_path/Frameworks";
				PRODUCT_BUNDLE_IDENTIFIER = com.litech.CountUITests;
				PRODUCT_NAME = "$(TARGET_NAME)";
				SWIFT_VERSION = 4.0;
				TARGETED_DEVICE_FAMILY = "1,2";
				TEST_TARGET_NAME = Count;
			};
			name = Release;
		};
/* End XCBuildConfiguration section */

/* Begin XCConfigurationList section */
		26417F80204BDC730061BD87 /* Build configuration list for PBXProject "Count" */ = {
			isa = XCConfigurationList;
			buildConfigurations = (
				26417FAB204BDC730061BD87 /* Debug */,
				26417FAC204BDC730061BD87 /* Release */,
			);
			defaultConfigurationIsVisible = 0;
			defaultConfigurationName = Release;
		};
		26417FAD204BDC730061BD87 /* Build configuration list for PBXNativeTarget "Count" */ = {
			isa = XCConfigurationList;
			buildConfigurations = (
				26417FAE204BDC730061BD87 /* Debug */,
				26417FAF204BDC730061BD87 /* Release */,
			);
			defaultConfigurationIsVisible = 0;
			defaultConfigurationName = Release;
		};
		26417FB0204BDC730061BD87 /* Build configuration list for PBXNativeTarget "CountTests" */ = {
			isa = XCConfigurationList;
			buildConfigurations = (
				26417FB1204BDC730061BD87 /* Debug */,
				26417FB2204BDC730061BD87 /* Release */,
			);
			defaultConfigurationIsVisible = 0;
			defaultConfigurationName = Release;
		};
		26417FB3204BDC730061BD87 /* Build configuration list for PBXNativeTarget "CountUITests" */ = {
			isa = XCConfigurationList;
			buildConfigurations = (
				26417FB4204BDC730061BD87 /* Debug */,
				26417FB5204BDC730061BD87 /* Release */,
			);
			defaultConfigurationIsVisible = 0;
			defaultConfigurationName = Release;
		};
/* End XCConfigurationList section */
	};
	rootObject = 26417F7D204BDC730061BD87 /* Project object */;
}
